
Microsoft Visual Studio Solution File, Format Version 12.00
# Visual Studio 15
VisualStudioVersion = 15.0.27428.2015
MinimumVisualStudioVersion = 10.0.40219.1
Project("{FAE04EC0-301F-11D3-BF4B-00C04F79EFBC}") = "THE FINAL PROJECT", "THE FINAL PROJECT\THE FINAL PROJECT.csproj", "{2A437D74-C250-41BF-9CC7-730ABFBE9F5B}"
EndProject
Global
	GlobalSection(SolutionConfigurationPlatforms) = preSolution
		Debug|Any CPU = Debug|Any CPU
		Release|Any CPU = Release|Any CPU
	EndGlobalSection
	GlobalSection(ProjectConfigurationPlatforms) = postSolution
		{2A437D74-C250-41BF-9CC7-730ABFBE9F5B}.Debug|Any CPU.ActiveCfg = Debug|Any CPU
		{2A437D74-C250-41BF-9CC7-730ABFBE9F5B}.Debug|Any CPU.Build.0 = Debug|Any CPU
		{2A437D74-C250-41BF-9CC7-730ABFBE9F5B}.Release|Any CPU.ActiveCfg = Release|Any CPU
		{2A437D74-C250-41BF-9CC7-730ABFBE9F5B}.Release|Any CPU.Build.0 = Release|Any CPU
	EndGlobalSection
	GlobalSection(SolutionProperties) = preSolution
		HideSolutionNode = FALSE
	EndGlobalSection
	GlobalSection(ExtensibilityGlobals) = postSolution
		SolutionGuid = {4E2383F9-12CF-446F-B9C1-1C5497721DCD}
	EndGlobalSection
EndGlobal
